// !$*UTF8*$!
{
	archiveVersion = 1;
	classes = {
	};
	objectVersion = 46;
	objects = {

/* Begin PBXBuildFile section */
		102793624944342FF0183F06 /* libPods-TRZXInvestorDetail.a in Frameworks */ = {isa = PBXBuildFile; fileRef = 70EEA84FF4EB12DB75B523FB /* libPods-TRZXInvestorDetail.a */; };
		6DB85CAF1E6EC3BB00AD7C0A /* main.m in Sources */ = {isa = PBXBuildFile; fileRef = 6DB85CAE1E6EC3BB00AD7C0A /* main.m */; };
		6DB85CB21E6EC3BB00AD7C0A /* AppDelegate.m in Sources */ = {isa = PBXBuildFile; fileRef = 6DB85CB11E6EC3BB00AD7C0A /* AppDelegate.m */; };
		6DB85CB51E6EC3BB00AD7C0A /* ViewController.m in Sources */ = {isa = PBXBuildFile; fileRef = 6DB85CB41E6EC3BB00AD7C0A /* ViewController.m */; };
		6DB85CB81E6EC3BB00AD7C0A /* Main.storyboard in Resources */ = {isa = PBXBuildFile; fileRef = 6DB85CB61E6EC3BB00AD7C0A /* Main.storyboard */; };
		6DB85CBA1E6EC3BB00AD7C0A /* Assets.xcassets in Resources */ = {isa = PBXBuildFile; fileRef = 6DB85CB91E6EC3BB00AD7C0A /* Assets.xcassets */; };
		6DB85CBD1E6EC3BB00AD7C0A /* LaunchScreen.storyboard in Resources */ = {isa = PBXBuildFile; fileRef = 6DB85CBB1E6EC3BB00AD7C0A /* LaunchScreen.storyboard */; };
		6DB85CC81E6EC3BB00AD7C0A /* TRZXInvestorDetailTests.m in Sources */ = {isa = PBXBuildFile; fileRef = 6DB85CC71E6EC3BB00AD7C0A /* TRZXInvestorDetailTests.m */; };
		6DB85CD31E6EC3BB00AD7C0A /* TRZXInvestorDetailUITests.m in Sources */ = {isa = PBXBuildFile; fileRef = 6DB85CD21E6EC3BB00AD7C0A /* TRZXInvestorDetailUITests.m */; };
		6DB85D271E6EE06500AD7C0A /* TRZXInvestorDetailViewController.m in Sources */ = {isa = PBXBuildFile; fileRef = 6DB85D261E6EE06500AD7C0A /* TRZXInvestorDetailViewController.m */; };
		6DD644181E724AA900345D68 /* TRZXInvestorDetailViewModel.m in Sources */ = {isa = PBXBuildFile; fileRef = 6DD644171E724AA900345D68 /* TRZXInvestorDetailViewModel.m */; };
		6DD644291E72890B00345D68 /* TRZXInvestorDetailModel.m in Sources */ = {isa = PBXBuildFile; fileRef = 6DD644241E72890B00345D68 /* TRZXInvestorDetailModel.m */; };
		6DD6442D1E728D1100345D68 /* Icon_PlaceholderImage.png in Resources */ = {isa = PBXBuildFile; fileRef = 6DD6442C1E728D1100345D68 /* Icon_PlaceholderImage.png */; };
		6DD875BC1E7672660062C84B /* TRZXInvestorDetailNoMsgTableViewCell.m in Sources */ = {isa = PBXBuildFile; fileRef = 6DD875BA1E7672660062C84B /* TRZXInvestorDetailNoMsgTableViewCell.m */; };
		6DD875BD1E7672660062C84B /* TRZXInvestorDetailNoMsgTableViewCell.xib in Resources */ = {isa = PBXBuildFile; fileRef = 6DD875BB1E7672660062C84B /* TRZXInvestorDetailNoMsgTableViewCell.xib */; };
		6DD875C01E7674180062C84B /* TRZXInvestorDetailTextSectionHeader.m in Sources */ = {isa = PBXBuildFile; fileRef = 6DD875BF1E7674180062C84B /* TRZXInvestorDetailTextSectionHeader.m */; };
		6DD875C41E7674390062C84B /* TRZXInvestorDetailTextSectionHeader.xib in Resources */ = {isa = PBXBuildFile; fileRef = 6DD875C31E7674390062C84B /* TRZXInvestorDetailTextSectionHeader.xib */; };
		6DD875C81E767BA40062C84B /* TRZXInvestorDetailLeftRightTextTableViewCell.m in Sources */ = {isa = PBXBuildFile; fileRef = 6DD875C61E767BA40062C84B /* TRZXInvestorDetailLeftRightTextTableViewCell.m */; };
		6DD875C91E767BA40062C84B /* TRZXInvestorDetailLeftRightTextTableViewCell.xib in Resources */ = {isa = PBXBuildFile; fileRef = 6DD875C71E767BA40062C84B /* TRZXInvestorDetailLeftRightTextTableViewCell.xib */; };
		6DD875CD1E768B260062C84B /* TRZXInvestorBaseInfoTableViewCell.m in Sources */ = {isa = PBXBuildFile; fileRef = 6DD875CB1E768B260062C84B /* TRZXInvestorBaseInfoTableViewCell.m */; };
		6DD875CE1E768B260062C84B /* TRZXInvestorBaseInfoTableViewCell.xib in Resources */ = {isa = PBXBuildFile; fileRef = 6DD875CC1E768B260062C84B /* TRZXInvestorBaseInfoTableViewCell.xib */; };
		6DD875D21E769F810062C84B /* TRZXInvestorDetailOnlyTextTableViewCell.m in Sources */ = {isa = PBXBuildFile; fileRef = 6DD875D01E769F810062C84B /* TRZXInvestorDetailOnlyTextTableViewCell.m */; };
		6DD875D31E769F810062C84B /* TRZXInvestorDetailOnlyTextTableViewCell.xib in Resources */ = {isa = PBXBuildFile; fileRef = 6DD875D11E769F810062C84B /* TRZXInvestorDetailOnlyTextTableViewCell.xib */; };
		6DD875DA1E76A7DD0062C84B /* Icon_ProjectDetail_ProjectHistory_RedDot@2x.png in Resources */ = {isa = PBXBuildFile; fileRef = 6DD875D91E76A7DD0062C84B /* Icon_ProjectDetail_ProjectHistory_RedDot@2x.png */; };
		6DD875DE1E778FF30062C84B /* TRZXInvestorDetailCasesTableViewCell.m in Sources */ = {isa = PBXBuildFile; fileRef = 6DD875DC1E778FF30062C84B /* TRZXInvestorDetailCasesTableViewCell.m */; };
		6DD875DF1E778FF30062C84B /* TRZXInvestorDetailCasesTableViewCell.xib in Resources */ = {isa = PBXBuildFile; fileRef = 6DD875DD1E778FF30062C84B /* TRZXInvestorDetailCasesTableViewCell.xib */; };
		6DD875E31E77957A0062C84B /* TRZXInvestorDeatailCasesMoreTableViewCell.m in Sources */ = {isa = PBXBuildFile; fileRef = 6DD875E11E77957A0062C84B /* TRZXInvestorDeatailCasesMoreTableViewCell.m */; };
		6DD875E41E77957A0062C84B /* TRZXInvestorDeatailCasesMoreTableViewCell.xib in Resources */ = {isa = PBXBuildFile; fileRef = 6DD875E21E77957A0062C84B /* TRZXInvestorDeatailCasesMoreTableViewCell.xib */; };
		6DD875E81E779B530062C84B /* TRZXInvestorDetailInvestorsTableViewCell.m in Sources */ = {isa = PBXBuildFile; fileRef = 6DD875E61E779B530062C84B /* TRZXInvestorDetailInvestorsTableViewCell.m */; };
		6DD875E91E779B530062C84B /* TRZXInvestorDetailInvestorsTableViewCell.xib in Resources */ = {isa = PBXBuildFile; fileRef = 6DD875E71E779B530062C84B /* TRZXInvestorDetailInvestorsTableViewCell.xib */; };
		6DD875EC1E77BDD90062C84B /* TRZXInvestorCasesViewController.m in Sources */ = {isa = PBXBuildFile; fileRef = 6DD875EB1E77BDD90062C84B /* TRZXInvestorCasesViewController.m */; };
		6DD92B761E6FD52C00B61C6A /* TRZXInvestorDetailTableViewCoverHeaderView.m in Sources */ = {isa = PBXBuildFile; fileRef = 6DD92B751E6FD52C00B61C6A /* TRZXInvestorDetailTableViewCoverHeaderView.m */; };
		6DD92C091E7006C400B61C6A /* Target_TRZXInvestorDetail.m in Sources */ = {isa = PBXBuildFile; fileRef = 6DD92BFA1E7006C400B61C6A /* Target_TRZXInvestorDetail.m */; };
/* End PBXBuildFile section */

/* Begin PBXContainerItemProxy section */
		6DB85CC41E6EC3BB00AD7C0A /* PBXContainerItemProxy */ = {
			isa = PBXContainerItemProxy;
			containerPortal = 6DB85CA21E6EC3BB00AD7C0A /* Project object */;
			proxyType = 1;
			remoteGlobalIDString = 6DB85CA91E6EC3BB00AD7C0A;
			remoteInfo = TRZXInvestorDetail;
		};
		6DB85CCF1E6EC3BB00AD7C0A /* PBXContainerItemProxy */ = {
			isa = PBXContainerItemProxy;
			containerPortal = 6DB85CA21E6EC3BB00AD7C0A /* Project object */;
			proxyType = 1;
			remoteGlobalIDString = 6DB85CA91E6EC3BB00AD7C0A;
			remoteInfo = TRZXInvestorDetail;
		};
/* End PBXContainerItemProxy section */

/* Begin PBXFileReference section */
		4F3FEEF86173597BE9C2D154 /* Pods-TRZXInvestorDetail.debug.xcconfig */ = {isa = PBXFileReference; includeInIndex = 1; lastKnownFileType = text.xcconfig; name = "Pods-TRZXInvestorDetail.debug.xcconfig"; path = "Pods/Target Support Files/Pods-TRZXInvestorDetail/Pods-TRZXInvestorDetail.debug.xcconfig"; sourceTree = "<group>"; };
		6DB85CAA1E6EC3BB00AD7C0A /* TRZXInvestorDetail.app */ = {isa = PBXFileReference; explicitFileType = wrapper.application; includeInIndex = 0; path = TRZXInvestorDetail.app; sourceTree = BUILT_PRODUCTS_DIR; };
		6DB85CAE1E6EC3BB00AD7C0A /* main.m */ = {isa = PBXFileReference; lastKnownFileType = sourcecode.c.objc; path = main.m; sourceTree = "<group>"; };
		6DB85CB01E6EC3BB00AD7C0A /* AppDelegate.h */ = {isa = PBXFileReference; lastKnownFileType = sourcecode.c.h; path = AppDelegate.h; sourceTree = "<group>"; };
		6DB85CB11E6EC3BB00AD7C0A /* AppDelegate.m */ = {isa = PBXFileReference; lastKnownFileType = sourcecode.c.objc; path = AppDelegate.m; sourceTree = "<group>"; };
		6DB85CB31E6EC3BB00AD7C0A /* ViewController.h */ = {isa = PBXFileReference; lastKnownFileType = sourcecode.c.h; path = ViewController.h; sourceTree = "<group>"; };
		6DB85CB41E6EC3BB00AD7C0A /* ViewController.m */ = {isa = PBXFileReference; lastKnownFileType = sourcecode.c.objc; path = ViewController.m; sourceTree = "<group>"; };
		6DB85CB71E6EC3BB00AD7C0A /* Base */ = {isa = PBXFileReference; lastKnownFileType = file.storyboard; name = Base; path = Base.lproj/Main.storyboard; sourceTree = "<group>"; };
		6DB85CB91E6EC3BB00AD7C0A /* Assets.xcassets */ = {isa = PBXFileReference; lastKnownFileType = folder.assetcatalog; path = Assets.xcassets; sourceTree = "<group>"; };
		6DB85CBC1E6EC3BB00AD7C0A /* Base */ = {isa = PBXFileReference; lastKnownFileType = file.storyboard; name = Base; path = Base.lproj/LaunchScreen.storyboard; sourceTree = "<group>"; };
		6DB85CBE1E6EC3BB00AD7C0A /* Info.plist */ = {isa = PBXFileReference; lastKnownFileType = text.plist.xml; path = Info.plist; sourceTree = "<group>"; };
		6DB85CC31E6EC3BB00AD7C0A /* TRZXInvestorDetailTests.xctest */ = {isa = PBXFileReference; explicitFileType = wrapper.cfbundle; includeInIndex = 0; path = TRZXInvestorDetailTests.xctest; sourceTree = BUILT_PRODUCTS_DIR; };
		6DB85CC71E6EC3BB00AD7C0A /* TRZXInvestorDetailTests.m */ = {isa = PBXFileReference; lastKnownFileType = sourcecode.c.objc; path = TRZXInvestorDetailTests.m; sourceTree = "<group>"; };
		6DB85CC91E6EC3BB00AD7C0A /* Info.plist */ = {isa = PBXFileReference; lastKnownFileType = text.plist.xml; path = Info.plist; sourceTree = "<group>"; };
		6DB85CCE1E6EC3BB00AD7C0A /* TRZXInvestorDetailUITests.xctest */ = {isa = PBXFileReference; explicitFileType = wrapper.cfbundle; includeInIndex = 0; path = TRZXInvestorDetailUITests.xctest; sourceTree = BUILT_PRODUCTS_DIR; };
		6DB85CD21E6EC3BB00AD7C0A /* TRZXInvestorDetailUITests.m */ = {isa = PBXFileReference; lastKnownFileType = sourcecode.c.objc; path = TRZXInvestorDetailUITests.m; sourceTree = "<group>"; };
		6DB85CD41E6EC3BB00AD7C0A /* Info.plist */ = {isa = PBXFileReference; lastKnownFileType = text.plist.xml; path = Info.plist; sourceTree = "<group>"; };
		6DB85D251E6EE06500AD7C0A /* TRZXInvestorDetailViewController.h */ = {isa = PBXFileReference; fileEncoding = 4; lastKnownFileType = sourcecode.c.h; path = TRZXInvestorDetailViewController.h; sourceTree = "<group>"; };
		6DB85D261E6EE06500AD7C0A /* TRZXInvestorDetailViewController.m */ = {isa = PBXFileReference; fileEncoding = 4; lastKnownFileType = sourcecode.c.objc; path = TRZXInvestorDetailViewController.m; sourceTree = "<group>"; };
		6DD644161E724AA900345D68 /* TRZXInvestorDetailViewModel.h */ = {isa = PBXFileReference; fileEncoding = 4; lastKnownFileType = sourcecode.c.h; path = TRZXInvestorDetailViewModel.h; sourceTree = "<group>"; };
		6DD644171E724AA900345D68 /* TRZXInvestorDetailViewModel.m */ = {isa = PBXFileReference; fileEncoding = 4; lastKnownFileType = sourcecode.c.objc; path = TRZXInvestorDetailViewModel.m; sourceTree = "<group>"; };
		6DD644231E72890B00345D68 /* TRZXInvestorDetailModel.h */ = {isa = PBXFileReference; fileEncoding = 4; lastKnownFileType = sourcecode.c.h; path = TRZXInvestorDetailModel.h; sourceTree = "<group>"; };
		6DD644241E72890B00345D68 /* TRZXInvestorDetailModel.m */ = {isa = PBXFileReference; fileEncoding = 4; lastKnownFileType = sourcecode.c.objc; path = TRZXInvestorDetailModel.m; sourceTree = "<group>"; };
		6DD6442C1E728D1100345D68 /* Icon_PlaceholderImage.png */ = {isa = PBXFileReference; lastKnownFileType = image.png; path = Icon_PlaceholderImage.png; sourceTree = "<group>"; };
		6DD875B91E7672660062C84B /* TRZXInvestorDetailNoMsgTableViewCell.h */ = {isa = PBXFileReference; fileEncoding = 4; lastKnownFileType = sourcecode.c.h; path = TRZXInvestorDetailNoMsgTableViewCell.h; sourceTree = "<group>"; };
		6DD875BA1E7672660062C84B /* TRZXInvestorDetailNoMsgTableViewCell.m */ = {isa = PBXFileReference; fileEncoding = 4; lastKnownFileType = sourcecode.c.objc; path = TRZXInvestorDetailNoMsgTableViewCell.m; sourceTree = "<group>"; };
		6DD875BB1E7672660062C84B /* TRZXInvestorDetailNoMsgTableViewCell.xib */ = {isa = PBXFileReference; fileEncoding = 4; lastKnownFileType = file.xib; path = TRZXInvestorDetailNoMsgTableViewCell.xib; sourceTree = "<group>"; };
		6DD875BE1E7674180062C84B /* TRZXInvestorDetailTextSectionHeader.h */ = {isa = PBXFileReference; fileEncoding = 4; lastKnownFileType = sourcecode.c.h; path = TRZXInvestorDetailTextSectionHeader.h; sourceTree = "<group>"; };
		6DD875BF1E7674180062C84B /* TRZXInvestorDetailTextSectionHeader.m */ = {isa = PBXFileReference; fileEncoding = 4; lastKnownFileType = sourcecode.c.objc; path = TRZXInvestorDetailTextSectionHeader.m; sourceTree = "<group>"; };
		6DD875C31E7674390062C84B /* TRZXInvestorDetailTextSectionHeader.xib */ = {isa = PBXFileReference; fileEncoding = 4; lastKnownFileType = file.xib; path = TRZXInvestorDetailTextSectionHeader.xib; sourceTree = "<group>"; };
		6DD875C51E767BA40062C84B /* TRZXInvestorDetailLeftRightTextTableViewCell.h */ = {isa = PBXFileReference; fileEncoding = 4; lastKnownFileType = sourcecode.c.h; path = TRZXInvestorDetailLeftRightTextTableViewCell.h; sourceTree = "<group>"; };
		6DD875C61E767BA40062C84B /* TRZXInvestorDetailLeftRightTextTableViewCell.m */ = {isa = PBXFileReference; fileEncoding = 4; lastKnownFileType = sourcecode.c.objc; path = TRZXInvestorDetailLeftRightTextTableViewCell.m; sourceTree = "<group>"; };
		6DD875C71E767BA40062C84B /* TRZXInvestorDetailLeftRightTextTableViewCell.xib */ = {isa = PBXFileReference; fileEncoding = 4; lastKnownFileType = file.xib; path = TRZXInvestorDetailLeftRightTextTableViewCell.xib; sourceTree = "<group>"; };
		6DD875CA1E768B260062C84B /* TRZXInvestorBaseInfoTableViewCell.h */ = {isa = PBXFileReference; fileEncoding = 4; lastKnownFileType = sourcecode.c.h; path = TRZXInvestorBaseInfoTableViewCell.h; sourceTree = "<group>"; };
		6DD875CB1E768B260062C84B /* TRZXInvestorBaseInfoTableViewCell.m */ = {isa = PBXFileReference; fileEncoding = 4; lastKnownFileType = sourcecode.c.objc; path = TRZXInvestorBaseInfoTableViewCell.m; sourceTree = "<group>"; };
		6DD875CC1E768B260062C84B /* TRZXInvestorBaseInfoTableViewCell.xib */ = {isa = PBXFileReference; fileEncoding = 4; lastKnownFileType = file.xib; path = TRZXInvestorBaseInfoTableViewCell.xib; sourceTree = "<group>"; };
		6DD875CF1E769F810062C84B /* TRZXInvestorDetailOnlyTextTableViewCell.h */ = {isa = PBXFileReference; fileEncoding = 4; lastKnownFileType = sourcecode.c.h; path = TRZXInvestorDetailOnlyTextTableViewCell.h; sourceTree = "<group>"; };
		6DD875D01E769F810062C84B /* TRZXInvestorDetailOnlyTextTableViewCell.m */ = {isa = PBXFileReference; fileEncoding = 4; lastKnownFileType = sourcecode.c.objc; path = TRZXInvestorDetailOnlyTextTableViewCell.m; sourceTree = "<group>"; };
		6DD875D11E769F810062C84B /* TRZXInvestorDetailOnlyTextTableViewCell.xib */ = {isa = PBXFileReference; fileEncoding = 4; lastKnownFileType = file.xib; path = TRZXInvestorDetailOnlyTextTableViewCell.xib; sourceTree = "<group>"; };
		6DD875D91E76A7DD0062C84B /* Icon_ProjectDetail_ProjectHistory_RedDot@2x.png */ = {isa = PBXFileReference; lastKnownFileType = image.png; path = "Icon_ProjectDetail_ProjectHistory_RedDot@2x.png"; sourceTree = "<group>"; };
		6DD875DB1E778FF30062C84B /* TRZXInvestorDetailCasesTableViewCell.h */ = {isa = PBXFileReference; fileEncoding = 4; lastKnownFileType = sourcecode.c.h; path = TRZXInvestorDetailCasesTableViewCell.h; sourceTree = "<group>"; };
		6DD875DC1E778FF30062C84B /* TRZXInvestorDetailCasesTableViewCell.m */ = {isa = PBXFileReference; fileEncoding = 4; lastKnownFileType = sourcecode.c.objc; path = TRZXInvestorDetailCasesTableViewCell.m; sourceTree = "<group>"; };
		6DD875DD1E778FF30062C84B /* TRZXInvestorDetailCasesTableViewCell.xib */ = {isa = PBXFileReference; fileEncoding = 4; lastKnownFileType = file.xib; path = TRZXInvestorDetailCasesTableViewCell.xib; sourceTree = "<group>"; };
		6DD875E01E77957A0062C84B /* TRZXInvestorDeatailCasesMoreTableViewCell.h */ = {isa = PBXFileReference; fileEncoding = 4; lastKnownFileType = sourcecode.c.h; path = TRZXInvestorDeatailCasesMoreTableViewCell.h; sourceTree = "<group>"; };
		6DD875E11E77957A0062C84B /* TRZXInvestorDeatailCasesMoreTableViewCell.m */ = {isa = PBXFileReference; fileEncoding = 4; lastKnownFileType = sourcecode.c.objc; path = TRZXInvestorDeatailCasesMoreTableViewCell.m; sourceTree = "<group>"; };
		6DD875E21E77957A0062C84B /* TRZXInvestorDeatailCasesMoreTableViewCell.xib */ = {isa = PBXFileReference; fileEncoding = 4; lastKnownFileType = file.xib; path = TRZXInvestorDeatailCasesMoreTableViewCell.xib; sourceTree = "<group>"; };
		6DD875E51E779B530062C84B /* TRZXInvestorDetailInvestorsTableViewCell.h */ = {isa = PBXFileReference; fileEncoding = 4; lastKnownFileType = sourcecode.c.h; path = TRZXInvestorDetailInvestorsTableViewCell.h; sourceTree = "<group>"; };
		6DD875E61E779B530062C84B /* TRZXInvestorDetailInvestorsTableViewCell.m */ = {isa = PBXFileReference; fileEncoding = 4; lastKnownFileType = sourcecode.c.objc; path = TRZXInvestorDetailInvestorsTableViewCell.m; sourceTree = "<group>"; };
		6DD875E71E779B530062C84B /* TRZXInvestorDetailInvestorsTableViewCell.xib */ = {isa = PBXFileReference; fileEncoding = 4; lastKnownFileType = file.xib; path = TRZXInvestorDetailInvestorsTableViewCell.xib; sourceTree = "<group>"; };
		6DD875EA1E77BDD90062C84B /* TRZXInvestorCasesViewController.h */ = {isa = PBXFileReference; fileEncoding = 4; lastKnownFileType = sourcecode.c.h; path = TRZXInvestorCasesViewController.h; sourceTree = "<group>"; };
		6DD875EB1E77BDD90062C84B /* TRZXInvestorCasesViewController.m */ = {isa = PBXFileReference; fileEncoding = 4; lastKnownFileType = sourcecode.c.objc; path = TRZXInvestorCasesViewController.m; sourceTree = "<group>"; };
		6DD92B741E6FD52C00B61C6A /* TRZXInvestorDetailTableViewCoverHeaderView.h */ = {isa = PBXFileReference; fileEncoding = 4; lastKnownFileType = sourcecode.c.h; path = TRZXInvestorDetailTableViewCoverHeaderView.h; sourceTree = "<group>"; };
		6DD92B751E6FD52C00B61C6A /* TRZXInvestorDetailTableViewCoverHeaderView.m */ = {isa = PBXFileReference; fileEncoding = 4; lastKnownFileType = sourcecode.c.objc; path = TRZXInvestorDetailTableViewCoverHeaderView.m; sourceTree = "<group>"; };
		6DD92BF91E7006C400B61C6A /* Target_TRZXInvestorDetail.h */ = {isa = PBXFileReference; fileEncoding = 4; lastKnownFileType = sourcecode.c.h; path = Target_TRZXInvestorDetail.h; sourceTree = "<group>"; };
		6DD92BFA1E7006C400B61C6A /* Target_TRZXInvestorDetail.m */ = {isa = PBXFileReference; fileEncoding = 4; lastKnownFileType = sourcecode.c.objc; path = Target_TRZXInvestorDetail.m; sourceTree = "<group>"; };
		6DD92BFB1E7006C400B61C6A /* TRZXInvestorDetailMacro.h */ = {isa = PBXFileReference; fileEncoding = 4; lastKnownFileType = sourcecode.c.h; path = TRZXInvestorDetailMacro.h; sourceTree = "<group>"; };
		70EEA84FF4EB12DB75B523FB /* libPods-TRZXInvestorDetail.a */ = {isa = PBXFileReference; explicitFileType = archive.ar; includeInIndex = 0; path = "libPods-TRZXInvestorDetail.a"; sourceTree = BUILT_PRODUCTS_DIR; };
		9E6C67E9B7B2F5DE992CA157 /* Pods-TRZXInvestorDetail.release.xcconfig */ = {isa = PBXFileReference; includeInIndex = 1; lastKnownFileType = text.xcconfig; name = "Pods-TRZXInvestorDetail.release.xcconfig"; path = "Pods/Target Support Files/Pods-TRZXInvestorDetail/Pods-TRZXInvestorDetail.release.xcconfig"; sourceTree = "<group>"; };
/* End PBXFileReference section */

/* Begin PBXFrameworksBuildPhase section */
		6DB85CA71E6EC3BB00AD7C0A /* Frameworks */ = {
			isa = PBXFrameworksBuildPhase;
			buildActionMask = 2147483647;
			files = (
				102793624944342FF0183F06 /* libPods-TRZXInvestorDetail.a in Frameworks */,
			);
			runOnlyForDeploymentPostprocessing = 0;
		};
		6DB85CC01E6EC3BB00AD7C0A /* Frameworks */ = {
			isa = PBXFrameworksBuildPhase;
			buildActionMask = 2147483647;
			files = (
			);
			runOnlyForDeploymentPostprocessing = 0;
		};
		6DB85CCB1E6EC3BB00AD7C0A /* Frameworks */ = {
			isa = PBXFrameworksBuildPhase;
			buildActionMask = 2147483647;
			files = (
			);
			runOnlyForDeploymentPostprocessing = 0;
		};
/* End PBXFrameworksBuildPhase section */

/* Begin PBXGroup section */
		14525673C51BBC162C9E1692 /* Pods */ = {
			isa = PBXGroup;
			children = (
				4F3FEEF86173597BE9C2D154 /* Pods-TRZXInvestorDetail.debug.xcconfig */,
				9E6C67E9B7B2F5DE992CA157 /* Pods-TRZXInvestorDetail.release.xcconfig */,
			);
			name = Pods;
			sourceTree = "<group>";
		};
		6DB85CA11E6EC3BB00AD7C0A = {
			isa = PBXGroup;
			children = (
				6DB85CAC1E6EC3BB00AD7C0A /* TRZXInvestorDetail */,
				6DB85CC61E6EC3BB00AD7C0A /* TRZXInvestorDetailTests */,
				6DB85CD11E6EC3BB00AD7C0A /* TRZXInvestorDetailUITests */,
				6DB85CAB1E6EC3BB00AD7C0A /* Products */,
				14525673C51BBC162C9E1692 /* Pods */,
				A25805B2BD55B71D97B22C84 /* Frameworks */,
			);
			sourceTree = "<group>";
		};
		6DB85CAB1E6EC3BB00AD7C0A /* Products */ = {
			isa = PBXGroup;
			children = (
				6DB85CAA1E6EC3BB00AD7C0A /* TRZXInvestorDetail.app */,
				6DB85CC31E6EC3BB00AD7C0A /* TRZXInvestorDetailTests.xctest */,
				6DB85CCE1E6EC3BB00AD7C0A /* TRZXInvestorDetailUITests.xctest */,
			);
			name = Products;
			sourceTree = "<group>";
		};
		6DB85CAC1E6EC3BB00AD7C0A /* TRZXInvestorDetail */ = {
			isa = PBXGroup;
			children = (
				6DB85D1F1E6EC61400AD7C0A /* TRZXInvestorDetail */,
				6DB85CB01E6EC3BB00AD7C0A /* AppDelegate.h */,
				6DB85CB11E6EC3BB00AD7C0A /* AppDelegate.m */,
				6DB85CB31E6EC3BB00AD7C0A /* ViewController.h */,
				6DB85CB41E6EC3BB00AD7C0A /* ViewController.m */,
				6DB85CB61E6EC3BB00AD7C0A /* Main.storyboard */,
				6DB85CB91E6EC3BB00AD7C0A /* Assets.xcassets */,
				6DB85CBB1E6EC3BB00AD7C0A /* LaunchScreen.storyboard */,
				6DB85CBE1E6EC3BB00AD7C0A /* Info.plist */,
				6DB85CAD1E6EC3BB00AD7C0A /* Supporting Files */,
			);
			path = TRZXInvestorDetail;
			sourceTree = "<group>";
		};
		6DB85CAD1E6EC3BB00AD7C0A /* Supporting Files */ = {
			isa = PBXGroup;
			children = (
				6DB85CAE1E6EC3BB00AD7C0A /* main.m */,
			);
			name = "Supporting Files";
			sourceTree = "<group>";
		};
		6DB85CC61E6EC3BB00AD7C0A /* TRZXInvestorDetailTests */ = {
			isa = PBXGroup;
			children = (
				6DB85CC71E6EC3BB00AD7C0A /* TRZXInvestorDetailTests.m */,
				6DB85CC91E6EC3BB00AD7C0A /* Info.plist */,
			);
			path = TRZXInvestorDetailTests;
			sourceTree = "<group>";
		};
		6DB85CD11E6EC3BB00AD7C0A /* TRZXInvestorDetailUITests */ = {
			isa = PBXGroup;
			children = (
				6DB85CD21E6EC3BB00AD7C0A /* TRZXInvestorDetailUITests.m */,
				6DB85CD41E6EC3BB00AD7C0A /* Info.plist */,
			);
			path = TRZXInvestorDetailUITests;
			sourceTree = "<group>";
		};
		6DB85D1F1E6EC61400AD7C0A /* TRZXInvestorDetail */ = {
			isa = PBXGroup;
			children = (
				6DD92BF81E7006C400B61C6A /* Tool */,
				6DB85D231E6EC61400AD7C0A /* ViewController */,
				6DB85D221E6EC61400AD7C0A /* View */,
				6DB85D241E6EC61400AD7C0A /* ViewModel */,
				6DD644221E72890B00345D68 /* Model */,
				6DD92B7B1E6FD73100B61C6A /* Resources */,
			);
			path = TRZXInvestorDetail;
			sourceTree = "<group>";
		};
		6DB85D221E6EC61400AD7C0A /* View */ = {
			isa = PBXGroup;
			children = (
				6DD92B741E6FD52C00B61C6A /* TRZXInvestorDetailTableViewCoverHeaderView.h */,
				6DD92B751E6FD52C00B61C6A /* TRZXInvestorDetailTableViewCoverHeaderView.m */,
				6DD875B91E7672660062C84B /* TRZXInvestorDetailNoMsgTableViewCell.h */,
				6DD875BA1E7672660062C84B /* TRZXInvestorDetailNoMsgTableViewCell.m */,
				6DD875BB1E7672660062C84B /* TRZXInvestorDetailNoMsgTableViewCell.xib */,
				6DD875BE1E7674180062C84B /* TRZXInvestorDetailTextSectionHeader.h */,
				6DD875BF1E7674180062C84B /* TRZXInvestorDetailTextSectionHeader.m */,
				6DD875C31E7674390062C84B /* TRZXInvestorDetailTextSectionHeader.xib */,
				6DD875C51E767BA40062C84B /* TRZXInvestorDetailLeftRightTextTableViewCell.h */,
				6DD875C61E767BA40062C84B /* TRZXInvestorDetailLeftRightTextTableViewCell.m */,
				6DD875C71E767BA40062C84B /* TRZXInvestorDetailLeftRightTextTableViewCell.xib */,
				6DD875CA1E768B260062C84B /* TRZXInvestorBaseInfoTableViewCell.h */,
				6DD875CB1E768B260062C84B /* TRZXInvestorBaseInfoTableViewCell.m */,
				6DD875CC1E768B260062C84B /* TRZXInvestorBaseInfoTableViewCell.xib */,
				6DD875CF1E769F810062C84B /* TRZXInvestorDetailOnlyTextTableViewCell.h */,
				6DD875D01E769F810062C84B /* TRZXInvestorDetailOnlyTextTableViewCell.m */,
				6DD875D11E769F810062C84B /* TRZXInvestorDetailOnlyTextTableViewCell.xib */,
				6DD875DB1E778FF30062C84B /* TRZXInvestorDetailCasesTableViewCell.h */,
				6DD875DC1E778FF30062C84B /* TRZXInvestorDetailCasesTableViewCell.m */,
				6DD875DD1E778FF30062C84B /* TRZXInvestorDetailCasesTableViewCell.xib */,
				6DD875E01E77957A0062C84B /* TRZXInvestorDeatailCasesMoreTableViewCell.h */,
				6DD875E11E77957A0062C84B /* TRZXInvestorDeatailCasesMoreTableViewCell.m */,
				6DD875E21E77957A0062C84B /* TRZXInvestorDeatailCasesMoreTableViewCell.xib */,
				6DD875E51E779B530062C84B /* TRZXInvestorDetailInvestorsTableViewCell.h */,
				6DD875E61E779B530062C84B /* TRZXInvestorDetailInvestorsTableViewCell.m */,
				6DD875E71E779B530062C84B /* TRZXInvestorDetailInvestorsTableViewCell.xib */,
			);
			path = View;
			sourceTree = "<group>";
		};
		6DB85D231E6EC61400AD7C0A /* ViewController */ = {
			isa = PBXGroup;
			children = (
				6DB85D251E6EE06500AD7C0A /* TRZXInvestorDetailViewController.h */,
				6DB85D261E6EE06500AD7C0A /* TRZXInvestorDetailViewController.m */,
				6DD875EA1E77BDD90062C84B /* TRZXInvestorCasesViewController.h */,
				6DD875EB1E77BDD90062C84B /* TRZXInvestorCasesViewController.m */,
			);
			path = ViewController;
			sourceTree = "<group>";
		};
		6DB85D241E6EC61400AD7C0A /* ViewModel */ = {
			isa = PBXGroup;
			children = (
				6DD644161E724AA900345D68 /* TRZXInvestorDetailViewModel.h */,
				6DD644171E724AA900345D68 /* TRZXInvestorDetailViewModel.m */,
			);
			path = ViewModel;
			sourceTree = "<group>";
		};
		6DD644221E72890B00345D68 /* Model */ = {
			isa = PBXGroup;
			children = (
				6DD644231E72890B00345D68 /* TRZXInvestorDetailModel.h */,
				6DD644241E72890B00345D68 /* TRZXInvestorDetailModel.m */,
			);
			path = Model;
			sourceTree = "<group>";
		};
		6DD92B7B1E6FD73100B61C6A /* Resources */ = {
			isa = PBXGroup;
			children = (
				6DD875D91E76A7DD0062C84B /* Icon_ProjectDetail_ProjectHistory_RedDot@2x.png */,
				6DD6442C1E728D1100345D68 /* Icon_PlaceholderImage.png */,
			);
			path = Resources;
			sourceTree = "<group>";
		};
		6DD92BF81E7006C400B61C6A /* Tool */ = {
			isa = PBXGroup;
			children = (
				6DD92BF91E7006C400B61C6A /* Target_TRZXInvestorDetail.h */,
				6DD92BFA1E7006C400B61C6A /* Target_TRZXInvestorDetail.m */,
				6DD92BFB1E7006C400B61C6A /* TRZXInvestorDetailMacro.h */,
			);
			path = Tool;
			sourceTree = "<group>";
		};
		A25805B2BD55B71D97B22C84 /* Frameworks */ = {
			isa = PBXGroup;
			children = (
				70EEA84FF4EB12DB75B523FB /* libPods-TRZXInvestorDetail.a */,
			);
			name = Frameworks;
			sourceTree = "<group>";
		};
/* End PBXGroup section */

/* Begin PBXNativeTarget section */
		6DB85CA91E6EC3BB00AD7C0A /* TRZXInvestorDetail */ = {
			isa = PBXNativeTarget;
			buildConfigurationList = 6DB85CD71E6EC3BB00AD7C0A /* Build configuration list for PBXNativeTarget "TRZXInvestorDetail" */;
			buildPhases = (
				2F5BC89885E08F7B371F5A23 /* [CP] Check Pods Manifest.lock */,
				6DB85CA61E6EC3BB00AD7C0A /* Sources */,
				6DB85CA71E6EC3BB00AD7C0A /* Frameworks */,
				6DB85CA81E6EC3BB00AD7C0A /* Resources */,
				1D6C0EEA9750C355EAF90D28 /* [CP] Embed Pods Frameworks */,
				DECCAC5213AEE7BA82AD20BA /* [CP] Copy Pods Resources */,
			);
			buildRules = (
			);
			dependencies = (
			);
			name = TRZXInvestorDetail;
			productName = TRZXInvestorDetail;
			productReference = 6DB85CAA1E6EC3BB00AD7C0A /* TRZXInvestorDetail.app */;
			productType = "com.apple.product-type.application";
		};
		6DB85CC21E6EC3BB00AD7C0A /* TRZXInvestorDetailTests */ = {
			isa = PBXNativeTarget;
			buildConfigurationList = 6DB85CDA1E6EC3BB00AD7C0A /* Build configuration list for PBXNativeTarget "TRZXInvestorDetailTests" */;
			buildPhases = (
				6DB85CBF1E6EC3BB00AD7C0A /* Sources */,
				6DB85CC01E6EC3BB00AD7C0A /* Frameworks */,
				6DB85CC11E6EC3BB00AD7C0A /* Resources */,
			);
			buildRules = (
			);
			dependencies = (
				6DB85CC51E6EC3BB00AD7C0A /* PBXTargetDependency */,
			);
			name = TRZXInvestorDetailTests;
			productName = TRZXInvestorDetailTests;
			productReference = 6DB85CC31E6EC3BB00AD7C0A /* TRZXInvestorDetailTests.xctest */;
			productType = "com.apple.product-type.bundle.unit-test";
		};
		6DB85CCD1E6EC3BB00AD7C0A /* TRZXInvestorDetailUITests */ = {
			isa = PBXNativeTarget;
			buildConfigurationList = 6DB85CDD1E6EC3BB00AD7C0A /* Build configuration list for PBXNativeTarget "TRZXInvestorDetailUITests" */;
			buildPhases = (
				6DB85CCA1E6EC3BB00AD7C0A /* Sources */,
				6DB85CCB1E6EC3BB00AD7C0A /* Frameworks */,
				6DB85CCC1E6EC3BB00AD7C0A /* Resources */,
			);
			buildRules = (
			);
			dependencies = (
				6DB85CD01E6EC3BB00AD7C0A /* PBXTargetDependency */,
			);
			name = TRZXInvestorDetailUITests;
			productName = TRZXInvestorDetailUITests;
			productReference = 6DB85CCE1E6EC3BB00AD7C0A /* TRZXInvestorDetailUITests.xctest */;
			productType = "com.apple.product-type.bundle.ui-testing";
		};
/* End PBXNativeTarget section */

/* Begin PBXProject section */
		6DB85CA21E6EC3BB00AD7C0A /* Project object */ = {
			isa = PBXProject;
			attributes = {
				CLASSPREFIX = TRZX;
				LastUpgradeCheck = 0820;
				ORGANIZATIONNAME = TRZX;
				TargetAttributes = {
					6DB85CA91E6EC3BB00AD7C0A = {
						CreatedOnToolsVersion = 8.2.1;
						DevelopmentTeam = 487PQPPTGA;
						ProvisioningStyle = Automatic;
					};
					6DB85CC21E6EC3BB00AD7C0A = {
						CreatedOnToolsVersion = 8.2.1;
						DevelopmentTeam = 487PQPPTGA;
						ProvisioningStyle = Automatic;
						TestTargetID = 6DB85CA91E6EC3BB00AD7C0A;
					};
					6DB85CCD1E6EC3BB00AD7C0A = {
						CreatedOnToolsVersion = 8.2.1;
						DevelopmentTeam = 487PQPPTGA;
						ProvisioningStyle = Automatic;
						TestTargetID = 6DB85CA91E6EC3BB00AD7C0A;
					};
				};
			};
			buildConfigurationList = 6DB85CA51E6EC3BB00AD7C0A /* Build configuration list for PBXProject "TRZXInvestorDetail" */;
			compatibilityVersion = "Xcode 3.2";
			developmentRegion = English;
			hasScannedForEncodings = 0;
			knownRegions = (
				en,
				Base,
			);
			mainGroup = 6DB85CA11E6EC3BB00AD7C0A;
			productRefGroup = 6DB85CAB1E6EC3BB00AD7C0A /* Products */;
			projectDirPath = "";
			projectRoot = "";
			targets = (
				6DB85CA91E6EC3BB00AD7C0A /* TRZXInvestorDetail */,
				6DB85CC21E6EC3BB00AD7C0A /* TRZXInvestorDetailTests */,
				6DB85CCD1E6EC3BB00AD7C0A /* TRZXInvestorDetailUITests */,
			);
		};
/* End PBXProject section */

/* Begin PBXResourcesBuildPhase section */
		6DB85CA81E6EC3BB00AD7C0A /* Resources */ = {
			isa = PBXResourcesBuildPhase;
			buildActionMask = 2147483647;
			files = (
				6DD875BD1E7672660062C84B /* TRZXInvestorDetailNoMsgTableViewCell.xib in Resources */,
				6DD875E91E779B530062C84B /* TRZXInvestorDetailInvestorsTableViewCell.xib in Resources */,
				6DD6442D1E728D1100345D68 /* Icon_PlaceholderImage.png in Resources */,
				6DD875DA1E76A7DD0062C84B /* Icon_ProjectDetail_ProjectHistory_RedDot@2x.png in Resources */,
				6DB85CBD1E6EC3BB00AD7C0A /* LaunchScreen.storyboard in Resources */,
				6DB85CBA1E6EC3BB00AD7C0A /* Assets.xcassets in Resources */,
				6DD875E41E77957A0062C84B /* TRZXInvestorDeatailCasesMoreTableViewCell.xib in Resources */,
				6DD875DF1E778FF30062C84B /* TRZXInvestorDetailCasesTableViewCell.xib in Resources */,
				6DD875C41E7674390062C84B /* TRZXInvestorDetailTextSectionHeader.xib in Resources */,
				6DD875D31E769F810062C84B /* TRZXInvestorDetailOnlyTextTableViewCell.xib in Resources */,
				6DD875C91E767BA40062C84B /* TRZXInvestorDetailLeftRightTextTableViewCell.xib in Resources */,
				6DD875CE1E768B260062C84B /* TRZXInvestorBaseInfoTableViewCell.xib in Resources */,
				6DB85CB81E6EC3BB00AD7C0A /* Main.storyboard in Resources */,
			);
			runOnlyForDeploymentPostprocessing = 0;
		};
		6DB85CC11E6EC3BB00AD7C0A /* Resources */ = {
			isa = PBXResourcesBuildPhase;
			buildActionMask = 2147483647;
			files = (
			);
			runOnlyForDeploymentPostprocessing = 0;
		};
		6DB85CCC1E6EC3BB00AD7C0A /* Resources */ = {
			isa = PBXResourcesBuildPhase;
			buildActionMask = 2147483647;
			files = (
			);
			runOnlyForDeploymentPostprocessing = 0;
		};
/* End PBXResourcesBuildPhase section */

/* Begin PBXShellScriptBuildPhase section */
		1D6C0EEA9750C355EAF90D28 /* [CP] Embed Pods Frameworks */ = {
			isa = PBXShellScriptBuildPhase;
			buildActionMask = 2147483647;
			files = (
			);
			inputPaths = (
			);
			name = "[CP] Embed Pods Frameworks";
			outputPaths = (
			);
			runOnlyForDeploymentPostprocessing = 0;
			shellPath = /bin/sh;
			shellScript = "\"${SRCROOT}/Pods/Target Support Files/Pods-TRZXInvestorDetail/Pods-TRZXInvestorDetail-frameworks.sh\"\n";
			showEnvVarsInLog = 0;
		};
		2F5BC89885E08F7B371F5A23 /* [CP] Check Pods Manifest.lock */ = {
			isa = PBXShellScriptBuildPhase;
			buildActionMask = 2147483647;
			files = (
			);
			inputPaths = (
			);
			name = "[CP] Check Pods Manifest.lock";
			outputPaths = (
			);
			runOnlyForDeploymentPostprocessing = 0;
			shellPath = /bin/sh;
			shellScript = "diff \"${PODS_ROOT}/../Podfile.lock\" \"${PODS_ROOT}/Manifest.lock\" > /dev/null\nif [ $? != 0 ] ; then\n    # print error to STDERR\n    echo \"error: The sandbox is not in sync with the Podfile.lock. Run 'pod install' or update your CocoaPods installation.\" >&2\n    exit 1\nfi\n";
			showEnvVarsInLog = 0;
		};
		DECCAC5213AEE7BA82AD20BA /* [CP] Copy Pods Resources */ = {
			isa = PBXShellScriptBuildPhase;
			buildActionMask = 2147483647;
			files = (
			);
			inputPaths = (
			);
			name = "[CP] Copy Pods Resources";
			outputPaths = (
			);
			runOnlyForDeploymentPostprocessing = 0;
			shellPath = /bin/sh;
			shellScript = "\"${SRCROOT}/Pods/Target Support Files/Pods-TRZXInvestorDetail/Pods-TRZXInvestorDetail-resources.sh\"\n";
			showEnvVarsInLog = 0;
		};
/* End PBXShellScriptBuildPhase section */

/* Begin PBXSourcesBuildPhase section */
		6DB85CA61E6EC3BB00AD7C0A /* Sources */ = {
			isa = PBXSourcesBuildPhase;
			buildActionMask = 2147483647;
			files = (
				6DB85CB51E6EC3BB00AD7C0A /* ViewController.m in Sources */,
				6DD92C091E7006C400B61C6A /* Target_TRZXInvestorDetail.m in Sources */,
				6DD875E81E779B530062C84B /* TRZXInvestorDetailInvestorsTableViewCell.m in Sources */,
				6DD875BC1E7672660062C84B /* TRZXInvestorDetailNoMsgTableViewCell.m in Sources */,
				6DD875E31E77957A0062C84B /* TRZXInvestorDeatailCasesMoreTableViewCell.m in Sources */,
				6DD92B761E6FD52C00B61C6A /* TRZXInvestorDetailTableViewCoverHeaderView.m in Sources */,
				6DD875C81E767BA40062C84B /* TRZXInvestorDetailLeftRightTextTableViewCell.m in Sources */,
				6DD875D21E769F810062C84B /* TRZXInvestorDetailOnlyTextTableViewCell.m in Sources */,
				6DB85D271E6EE06500AD7C0A /* TRZXInvestorDetailViewController.m in Sources */,
				6DD875C01E7674180062C84B /* TRZXInvestorDetailTextSectionHeader.m in Sources */,
				6DD875CD1E768B260062C84B /* TRZXInvestorBaseInfoTableViewCell.m in Sources */,
				6DD875DE1E778FF30062C84B /* TRZXInvestorDetailCasesTableViewCell.m in Sources */,
				6DB85CB21E6EC3BB00AD7C0A /* AppDelegate.m in Sources */,
				6DB85CAF1E6EC3BB00AD7C0A /* main.m in Sources */,
				6DD644291E72890B00345D68 /* TRZXInvestorDetailModel.m in Sources */,
				6DD875EC1E77BDD90062C84B /* TRZXInvestorCasesViewController.m in Sources */,
				6DD644181E724AA900345D68 /* TRZXInvestorDetailViewModel.m in Sources */,
			);
			runOnlyForDeploymentPostprocessing = 0;
		};
		6DB85CBF1E6EC3BB00AD7C0A /* Sources */ = {
			isa = PBXSourcesBuildPhase;
			buildActionMask = 2147483647;
			files = (
				6DB85CC81E6EC3BB00AD7C0A /* TRZXInvestorDetailTests.m in Sources */,
			);
			runOnlyForDeploymentPostprocessing = 0;
		};
		6DB85CCA1E6EC3BB00AD7C0A /* Sources */ = {
			isa = PBXSourcesBuildPhase;
			buildActionMask = 2147483647;
			files = (
				6DB85CD31E6EC3BB00AD7C0A /* TRZXInvestorDetailUITests.m in Sources */,
			);
			runOnlyForDeploymentPostprocessing = 0;
		};
/* End PBXSourcesBuildPhase section */

/* Begin PBXTargetDependency section */
		6DB85CC51E6EC3BB00AD7C0A /* PBXTargetDependency */ = {
			isa = PBXTargetDependency;
			target = 6DB85CA91E6EC3BB00AD7C0A /* TRZXInvestorDetail */;
			targetProxy = 6DB85CC41E6EC3BB00AD7C0A /* PBXContainerItemProxy */;
		};
		6DB85CD01E6EC3BB00AD7C0A /* PBXTargetDependency */ = {
			isa = PBXTargetDependency;
			target = 6DB85CA91E6EC3BB00AD7C0A /* TRZXInvestorDetail */;
			targetProxy = 6DB85CCF1E6EC3BB00AD7C0A /* PBXContainerItemProxy */;
		};
/* End PBXTargetDependency section */

/* Begin PBXVariantGroup section */
		6DB85CB61E6EC3BB00AD7C0A /* Main.storyboard */ = {
			isa = PBXVariantGroup;
			children = (
				6DB85CB71E6EC3BB00AD7C0A /* Base */,
			);
			name = Main.storyboard;
			sourceTree = "<group>";
		};
		6DB85CBB1E6EC3BB00AD7C0A /* LaunchScreen.storyboard */ = {
			isa = PBXVariantGroup;
			children = (
				6DB85CBC1E6EC3BB00AD7C0A /* Base */,
			);
			name = LaunchScreen.storyboard;
			sourceTree = "<group>";
		};
/* End PBXVariantGroup section */

/* Begin XCBuildConfiguration section */
		6DB85CD51E6EC3BB00AD7C0A /* Debug */ = {
			isa = XCBuildConfiguration;
			buildSettings = {
				ALWAYS_SEARCH_USER_PATHS = NO;
				CLANG_ANALYZER_NONNULL = YES;
				CLANG_CXX_LANGUAGE_STANDARD = "gnu++0x";
				CLANG_CXX_LIBRARY = "libc++";
				CLANG_ENABLE_MODULES = YES;
				CLANG_ENABLE_OBJC_ARC = YES;
				CLANG_WARN_BOOL_CONVERSION = YES;
				CLANG_WARN_CONSTANT_CONVERSION = YES;
				CLANG_WARN_DIRECT_OBJC_ISA_USAGE = YES_ERROR;
				CLANG_WARN_DOCUMENTATION_COMMENTS = YES;
				CLANG_WARN_EMPTY_BODY = YES;
				CLANG_WARN_ENUM_CONVERSION = YES;
				CLANG_WARN_INFINITE_RECURSION = YES;
				CLANG_WARN_INT_CONVERSION = YES;
				CLANG_WARN_OBJC_ROOT_CLASS = YES_ERROR;
				CLANG_WARN_SUSPICIOUS_MOVE = YES;
				CLANG_WARN_UNREACHABLE_CODE = YES;
				CLANG_WARN__DUPLICATE_METHOD_MATCH = YES;
				"CODE_SIGN_IDENTITY[sdk=iphoneos*]" = "iPhone Developer";
				COPY_PHASE_STRIP = NO;
				DEBUG_INFORMATION_FORMAT = dwarf;
				ENABLE_STRICT_OBJC_MSGSEND = YES;
				ENABLE_TESTABILITY = YES;
				GCC_C_LANGUAGE_STANDARD = gnu99;
				GCC_DYNAMIC_NO_PIC = NO;
				GCC_NO_COMMON_BLOCKS = YES;
				GCC_OPTIMIZATION_LEVEL = 0;
				GCC_PREPROCESSOR_DEFINITIONS = (
					"DEBUG=1",
					"$(inherited)",
				);
				GCC_WARN_64_TO_32_BIT_CONVERSION = YES;
				GCC_WARN_ABOUT_RETURN_TYPE = YES_ERROR;
				GCC_WARN_UNDECLARED_SELECTOR = YES;
				GCC_WARN_UNINITIALIZED_AUTOS = YES_AGGRESSIVE;
				GCC_WARN_UNUSED_FUNCTION = YES;
				GCC_WARN_UNUSED_VARIABLE = YES;
				IPHONEOS_DEPLOYMENT_TARGET = 10.2;
				MTL_ENABLE_DEBUG_INFO = YES;
				ONLY_ACTIVE_ARCH = YES;
				SDKROOT = iphoneos;
			};
			name = Debug;
		};
		6DB85CD61E6EC3BB00AD7C0A /* Release */ = {
			isa = XCBuildConfiguration;
			buildSettings = {
				ALWAYS_SEARCH_USER_PATHS = NO;
				CLANG_ANALYZER_NONNULL = YES;
				CLANG_CXX_LANGUAGE_STANDARD = "gnu++0x";
				CLANG_CXX_LIBRARY = "libc++";
				CLANG_ENABLE_MODULES = YES;
				CLANG_ENABLE_OBJC_ARC = YES;
				CLANG_WARN_BOOL_CONVERSION = YES;
				CLANG_WARN_CONSTANT_CONVERSION = YES;
				CLANG_WARN_DIRECT_OBJC_ISA_USAGE = YES_ERROR;
				CLANG_WARN_DOCUMENTATION_COMMENTS = YES;
				CLANG_WARN_EMPTY_BODY = YES;
				CLANG_WARN_ENUM_CONVERSION = YES;
				CLANG_WARN_INFINITE_RECURSION = YES;
				CLANG_WARN_INT_CONVERSION = YES;
				CLANG_WARN_OBJC_ROOT_CLASS = YES_ERROR;
				CLANG_WARN_SUSPICIOUS_MOVE = YES;
				CLANG_WARN_UNREACHABLE_CODE = YES;
				CLANG_WARN__DUPLICATE_METHOD_MATCH = YES;
				"CODE_SIGN_IDENTITY[sdk=iphoneos*]" = "iPhone Developer";
				COPY_PHASE_STRIP = NO;
				DEBUG_INFORMATION_FORMAT = "dwarf-with-dsym";
				ENABLE_NS_ASSERTIONS = NO;
				ENABLE_STRICT_OBJC_MSGSEND = YES;
				GCC_C_LANGUAGE_STANDARD = gnu99;
				GCC_NO_COMMON_BLOCKS = YES;
				GCC_WARN_64_TO_32_BIT_CONVERSION = YES;
				GCC_WARN_ABOUT_RETURN_TYPE = YES_ERROR;
				GCC_WARN_UNDECLARED_SELECTOR = YES;
				GCC_WARN_UNINITIALIZED_AUTOS = YES_AGGRESSIVE;
				GCC_WARN_UNUSED_FUNCTION = YES;
				GCC_WARN_UNUSED_VARIABLE = YES;
				IPHONEOS_DEPLOYMENT_TARGET = 10.2;
				MTL_ENABLE_DEBUG_INFO = NO;
				SDKROOT = iphoneos;
				VALIDATE_PRODUCT = YES;
			};
			name = Release;
		};
		6DB85CD81E6EC3BB00AD7C0A /* Debug */ = {
			isa = XCBuildConfiguration;
			baseConfigurationReference = 4F3FEEF86173597BE9C2D154 /* Pods-TRZXInvestorDetail.debug.xcconfig */;
			buildSettings = {
				ASSETCATALOG_COMPILER_APPICON_NAME = AppIcon;
				DEVELOPMENT_TEAM = 487PQPPTGA;
				INFOPLIST_FILE = TRZXInvestorDetail/Info.plist;
				IPHONEOS_DEPLOYMENT_TARGET = 8.0;
				LD_RUNPATH_SEARCH_PATHS = "$(inherited) @executable_path/Frameworks";
				PRODUCT_BUNDLE_IDENTIFIER = com.trzx.TRZXInvestorDetail;
				PRODUCT_NAME = "$(TARGET_NAME)";
			};
			name = Debug;
		};
		6DB85CD91E6EC3BB00AD7C0A /* Release */ = {
			isa = XCBuildConfiguration;
			baseConfigurationReference = 9E6C67E9B7B2F5DE992CA157 /* Pods-TRZXInvestorDetail.release.xcconfig */;
			buildSettings = {
				ASSETCATALOG_COMPILER_APPICON_NAME = AppIcon;
				DEVELOPMENT_TEAM = 487PQPPTGA;
				INFOPLIST_FILE = TRZXInvestorDetail/Info.plist;
				IPHONEOS_DEPLOYMENT_TARGET = 8.0;
				LD_RUNPATH_SEARCH_PATHS = "$(inherited) @executable_path/Frameworks";
				PRODUCT_BUNDLE_IDENTIFIER = com.trzx.TRZXInvestorDetail;
				PRODUCT_NAME = "$(TARGET_NAME)";
			};
			name = Release;
		};
		6DB85CDB1E6EC3BB00AD7C0A /* Debug */ = {
			isa = XCBuildConfiguration;
			buildSettings = {
				BUNDLE_LOADER = "$(TEST_HOST)";
				DEVELOPMENT_TEAM = 487PQPPTGA;
				INFOPLIST_FILE = TRZXInvestorDetailTests/Info.plist;
				LD_RUNPATH_SEARCH_PATHS = "$(inherited) @executable_path/Frameworks @loader_path/Frameworks";
				PRODUCT_BUNDLE_IDENTIFIER = com.trzx.TRZXInvestorDetailTests;
				PRODUCT_NAME = "$(TARGET_NAME)";
				TEST_HOST = "$(BUILT_PRODUCTS_DIR)/TRZXInvestorDetail.app/TRZXInvestorDetail";
			};
			name = Debug;
		};
		6DB85CDC1E6EC3BB00AD7C0A /* Release */ = {
			isa = XCBuildConfiguration;
			buildSettings = {
				BUNDLE_LOADER = "$(TEST_HOST)";
				DEVELOPMENT_TEAM = 487PQPPTGA;
				INFOPLIST_FILE = TRZXInvestorDetailTests/Info.plist;
				LD_RUNPATH_SEARCH_PATHS = "$(inherited) @executable_path/Frameworks @loader_path/Frameworks";
				PRODUCT_BUNDLE_IDENTIFIER = com.trzx.TRZXInvestorDetailTests;
				PRODUCT_NAME = "$(TARGET_NAME)";
				TEST_HOST = "$(BUILT_PRODUCTS_DIR)/TRZXInvestorDetail.app/TRZXInvestorDetail";
			};
			name = Release;
		};
		6DB85CDE1E6EC3BB00AD7C0A /* Debug */ = {
			isa = XCBuildConfiguration;
			buildSettings = {
				DEVELOPMENT_TEAM = 487PQPPTGA;
				INFOPLIST_FILE = TRZXInvestorDetailUITests/Info.plist;
				LD_RUNPATH_SEARCH_PATHS = "$(inherited) @executable_path/Frameworks @loader_path/Frameworks";
				PRODUCT_BUNDLE_IDENTIFIER = com.trzx.TRZXInvestorDetailUITests;
				PRODUCT_NAME = "$(TARGET_NAME)";
				TEST_TARGET_NAME = TRZXInvestorDetail;
			};
			name = Debug;
		};
		6DB85CDF1E6EC3BB00AD7C0A /* Release */ = {
			isa = XCBuildConfiguration;
			buildSettings = {
				DEVELOPMENT_TEAM = 487PQPPTGA;
				INFOPLIST_FILE = TRZXInvestorDetailUITests/Info.plist;
				LD_RUNPATH_SEARCH_PATHS = "$(inherited) @executable_path/Frameworks @loader_path/Frameworks";
				PRODUCT_BUNDLE_IDENTIFIER = com.trzx.TRZXInvestorDetailUITests;
				PRODUCT_NAME = "$(TARGET_NAME)";
				TEST_TARGET_NAME = TRZXInvestorDetail;
			};
			name = Release;
		};
/* End XCBuildConfiguration section */

/* Begin XCConfigurationList section */
		6DB85CA51E6EC3BB00AD7C0A /* Build configuration list for PBXProject "TRZXInvestorDetail" */ = {
			isa = XCConfigurationList;
			buildConfigurations = (
				6DB85CD51E6EC3BB00AD7C0A /* Debug */,
				6DB85CD61E6EC3BB00AD7C0A /* Release */,
			);
			defaultConfigurationIsVisible = 0;
			defaultConfigurationName = Release;
		};
		6DB85CD71E6EC3BB00AD7C0A /* Build configuration list for PBXNativeTarget "TRZXInvestorDetail" */ = {
			isa = XCConfigurationList;
			buildConfigurations = (
				6DB85CD81E6EC3BB00AD7C0A /* Debug */,
				6DB85CD91E6EC3BB00AD7C0A /* Release */,
			);
			defaultConfigurationIsVisible = 0;
			defaultConfigurationName = Release;
		};
		6DB85CDA1E6EC3BB00AD7C0A /* Build configuration list for PBXNativeTarget "TRZXInvestorDetailTests" */ = {
			isa = XCConfigurationList;
			buildConfigurations = (
				6DB85CDB1E6EC3BB00AD7C0A /* Debug */,
				6DB85CDC1E6EC3BB00AD7C0A /* Release */,
			);
			defaultConfigurationIsVisible = 0;
			defaultConfigurationName = Release;
		};
		6DB85CDD1E6EC3BB00AD7C0A /* Build configuration list for PBXNativeTarget "TRZXInvestorDetailUITests" */ = {
			isa = XCConfigurationList;
			buildConfigurations = (
				6DB85CDE1E6EC3BB00AD7C0A /* Debug */,
				6DB85CDF1E6EC3BB00AD7C0A /* Release */,
			);
			defaultConfigurationIsVisible = 0;
			defaultConfigurationName = Release;
		};
/* End XCConfigurationList section */
	};
	rootObject = 6DB85CA21E6EC3BB00AD7C0A /* Project object */;
}
